// !$*UTF8*$!
{
	archiveVersion = 1;
	classes = {
	};
	objectVersion = 55;
	objects = {

/* Begin PBXBuildFile section */
		3BA30D762892D131003A3526 /* AppDelegate.swift in Sources */ = {isa = PBXBuildFile; fileRef = 3BA30D752892D131003A3526 /* AppDelegate.swift */; };
		3BA30D782892D131003A3526 /* SceneDelegate.swift in Sources */ = {isa = PBXBuildFile; fileRef = 3BA30D772892D131003A3526 /* SceneDelegate.swift */; };
		3BA30D7A2892D131003A3526 /* ViewController.swift in Sources */ = {isa = PBXBuildFile; fileRef = 3BA30D792892D131003A3526 /* ViewController.swift */; };
		3BA30D7D2892D131003A3526 /* Main.storyboard in Resources */ = {isa = PBXBuildFile; fileRef = 3BA30D7B2892D131003A3526 /* Main.storyboard */; };
		3BA30D7F2892D135003A3526 /* Assets.xcassets in Resources */ = {isa = PBXBuildFile; fileRef = 3BA30D7E2892D135003A3526 /* Assets.xcassets */; };
		3BA30D822892D135003A3526 /* LaunchScreen.storyboard in Resources */ = {isa = PBXBuildFile; fileRef = 3BA30D802892D135003A3526 /* LaunchScreen.storyboard */; };
		3BA30DD02892D409003A3526 /* PersistentStorage.swift in Sources */ = {isa = PBXBuildFile; fileRef = 3BA30DCF2892D409003A3526 /* PersistentStorage.swift */; };
		3BA30DDD28931BAF003A3526 /* CoreData4.xcdatamodeld in Sources */ = {isa = PBXBuildFile; fileRef = 3BA30DDB28931BAF003A3526 /* CoreData4.xcdatamodeld */; };
		3BA30DE028931C10003A3526 /* CDEmployee+CoreDataClass.swift in Sources */ = {isa = PBXBuildFile; fileRef = 3BA30DDE28931C10003A3526 /* CDEmployee+CoreDataClass.swift */; };
		3BA30DE128931C10003A3526 /* CDEmployee+CoreDataProperties.swift in Sources */ = {isa = PBXBuildFile; fileRef = 3BA30DDF28931C10003A3526 /* CDEmployee+CoreDataProperties.swift */; };
		3BA30DE328931E5B003A3526 /* EmployeeDataRepository.swift in Sources */ = {isa = PBXBuildFile; fileRef = 3BA30DE228931E5B003A3526 /* EmployeeDataRepository.swift */; };
		3BA30DE528932018003A3526 /* Employee.swift in Sources */ = {isa = PBXBuildFile; fileRef = 3BA30DE428932018003A3526 /* Employee.swift */; };
/* End PBXBuildFile section */

/* Begin PBXFileReference section */
		3BA30D722892D131003A3526 /* CoreData4.app */ = {isa = PBXFileReference; explicitFileType = wrapper.application; includeInIndex = 0; path = CoreData4.app; sourceTree = BUILT_PRODUCTS_DIR; };
		3BA30D752892D131003A3526 /* AppDelegate.swift */ = {isa = PBXFileReference; lastKnownFileType = sourcecode.swift; path = AppDelegate.swift; sourceTree = "<group>"; };
		3BA30D772892D131003A3526 /* SceneDelegate.swift */ = {isa = PBXFileReference; lastKnownFileType = sourcecode.swift; path = SceneDelegate.swift; sourceTree = "<group>"; };
		3BA30D792892D131003A3526 /* ViewController.swift */ = {isa = PBXFileReference; lastKnownFileType = sourcecode.swift; path = ViewController.swift; sourceTree = "<group>"; };
		3BA30D7C2892D131003A3526 /* Base */ = {isa = PBXFileReference; lastKnownFileType = file.storyboard; name = Base; path = Base.lproj/Main.storyboard; sourceTree = "<group>"; };
		3BA30D7E2892D135003A3526 /* Assets.xcassets */ = {isa = PBXFileReference; lastKnownFileType = folder.assetcatalog; path = Assets.xcassets; sourceTree = "<group>"; };
		3BA30D812892D135003A3526 /* Base */ = {isa = PBXFileReference; lastKnownFileType = file.storyboard; name = Base; path = Base.lproj/LaunchScreen.storyboard; sourceTree = "<group>"; };
		3BA30D832892D135003A3526 /* Info.plist */ = {isa = PBXFileReference; lastKnownFileType = text.plist.xml; path = Info.plist; sourceTree = "<group>"; };
		3BA30DCF2892D409003A3526 /* PersistentStorage.swift */ = {isa = PBXFileReference; lastKnownFileType = sourcecode.swift; path = PersistentStorage.swift; sourceTree = "<group>"; };
		3BA30DDC28931BAF003A3526 /* CoreData4.xcdatamodel */ = {isa = PBXFileReference; lastKnownFileType = wrapper.xcdatamodel; path = CoreData4.xcdatamodel; sourceTree = "<group>"; };
		3BA30DDE28931C10003A3526 /* CDEmployee+CoreDataClass.swift */ = {isa = PBXFileReference; lastKnownFileType = sourcecode.swift; path = "CDEmployee+CoreDataClass.swift"; sourceTree = SOURCE_ROOT; };
		3BA30DDF28931C10003A3526 /* CDEmployee+CoreDataProperties.swift */ = {isa = PBXFileReference; lastKnownFileType = sourcecode.swift; path = "CDEmployee+CoreDataProperties.swift"; sourceTree = SOURCE_ROOT; };
		3BA30DE228931E5B003A3526 /* EmployeeDataRepository.swift */ = {isa = PBXFileReference; lastKnownFileType = sourcecode.swift; path = EmployeeDataRepository.swift; sourceTree = "<group>"; };
		3BA30DE428932018003A3526 /* Employee.swift */ = {isa = PBXFileReference; lastKnownFileType = sourcecode.swift; path = Employee.swift; sourceTree = "<group>"; };
/* End PBXFileReference section */

/* Begin PBXFrameworksBuildPhase section */
		3BA30D6F2892D131003A3526 /* Frameworks */ = {
			isa = PBXFrameworksBuildPhase;
			buildActionMask = 2147483647;
			files = (
			);
			runOnlyForDeploymentPostprocessing = 0;
		};
/* End PBXFrameworksBuildPhase section */

/* Begin PBXGroup section */
		3BA30D692892D131003A3526 = {
			isa = PBXGroup;
			children = (
				3BA30D742892D131003A3526 /* CoreData4 */,
				3BA30D732892D131003A3526 /* Products */,
			);
			sourceTree = "<group>";
		};
		3BA30D732892D131003A3526 /* Products */ = {
			isa = PBXGroup;
			children = (
				3BA30D722892D131003A3526 /* CoreData4.app */,
			);
			name = Products;
			sourceTree = "<group>";
		};
		3BA30D742892D131003A3526 /* CoreData4 */ = {
			isa = PBXGroup;
			children = (
				3BA30DD128931437003A3526 /* Models */,
				3BA30DD228931440003A3526 /* Controllers */,
				3BA30DD6289314E1003A3526 /* CoreDataSupportFiles */,
				3BA30DD528931494003A3526 /* Managers */,
				3BA30DD428931453003A3526 /* Repositories */,
				3BA30D752892D131003A3526 /* AppDelegate.swift */,
				3BA30D772892D131003A3526 /* SceneDelegate.swift */,
				3BA30D7B2892D131003A3526 /* Main.storyboard */,
				3BA30D7E2892D135003A3526 /* Assets.xcassets */,
				3BA30D802892D135003A3526 /* LaunchScreen.storyboard */,
				3BA30D832892D135003A3526 /* Info.plist */,
				3BA30DDB28931BAF003A3526 /* CoreData4.xcdatamodeld */,
			);
			path = CoreData4;
			sourceTree = "<group>";
		};
		3BA30DD128931437003A3526 /* Models */ = {
			isa = PBXGroup;
			children = (
				3BA30DE428932018003A3526 /* Employee.swift */,
			);
			path = Models;
			sourceTree = "<group>";
		};
		3BA30DD228931440003A3526 /* Controllers */ = {
			isa = PBXGroup;
			children = (
				3BA30DD328931449003A3526 /* Extensions */,
				3BA30D792892D131003A3526 /* ViewController.swift */,
			);
			path = Controllers;
			sourceTree = "<group>";
		};
		3BA30DD328931449003A3526 /* Extensions */ = {
			isa = PBXGroup;
			children = (
			);
			path = Extensions;
			sourceTree = "<group>";
		};
		3BA30DD428931453003A3526 /* Repositories */ = {
			isa = PBXGroup;
			children = (
				3BA30DE228931E5B003A3526 /* EmployeeDataRepository.swift */,
			);
			path = Repositories;
			sourceTree = "<group>";
		};
		3BA30DD528931494003A3526 /* Managers */ = {
			isa = PBXGroup;
			children = (
			);
			path = Managers;
			sourceTree = "<group>";
		};
		3BA30DD6289314E1003A3526 /* CoreDataSupportFiles */ = {
			isa = PBXGroup;
			children = (
				3BA30DDE28931C10003A3526 /* CDEmployee+CoreDataClass.swift */,
				3BA30DDF28931C10003A3526 /* CDEmployee+CoreDataProperties.swift */,
				3BA30DCF2892D409003A3526 /* PersistentStorage.swift */,
			);
			path = CoreDataSupportFiles;
			sourceTree = "<group>";
		};
/* End PBXGroup section */

/* Begin PBXNativeTarget section */
		3BA30D712892D131003A3526 /* CoreData4 */ = {
			isa = PBXNativeTarget;
			buildConfigurationList = 3BA30D862892D135003A3526 /* Build configuration list for PBXNativeTarget "CoreData4" */;
			buildPhases = (
				3BA30D6E2892D131003A3526 /* Sources */,
				3BA30D6F2892D131003A3526 /* Frameworks */,
				3BA30D702892D131003A3526 /* Resources */,
			);
			buildRules = (
			);
			dependencies = (
			);
			name = CoreData4;
			productName = CoreData4;
			productReference = 3BA30D722892D131003A3526 /* CoreData4.app */;
			productType = "com.apple.product-type.application";
		};
/* End PBXNativeTarget section */

/* Begin PBXProject section */
		3BA30D6A2892D131003A3526 /* Project object */ = {
			isa = PBXProject;
			attributes = {
				BuildIndependentTargetsInParallel = 1;
				LastSwiftUpdateCheck = 1340;
				LastUpgradeCheck = 1340;
				TargetAttributes = {
					3BA30D712892D131003A3526 = {
						CreatedOnToolsVersion = 13.4.1;
					};
				};
			};
			buildConfigurationList = 3BA30D6D2892D131003A3526 /* Build configuration list for PBXProject "CoreData4" */;
			compatibilityVersion = "Xcode 13.0";
			developmentRegion = en;
			hasScannedForEncodings = 0;
			knownRegions = (
				en,
				Base,
			);
			mainGroup = 3BA30D692892D131003A3526;
			productRefGroup = 3BA30D732892D131003A3526 /* Products */;
			projectDirPath = "";
			projectRoot = "";
			targets = (
				3BA30D712892D131003A3526 /* CoreData4 */,
			);
		};
/* End PBXProject section */

/* Begin PBXResourcesBuildPhase section */
		3BA30D702892D131003A3526 /* Resources */ = {
			isa = PBXResourcesBuildPhase;
			buildActionMask = 2147483647;
			files = (
				3BA30D822892D135003A3526 /* LaunchScreen.storyboard in Resources */,
				3BA30D7F2892D135003A3526 /* Assets.xcassets in Resources */,
				3BA30D7D2892D131003A3526 /* Main.storyboard in Resources */,
			);
			runOnlyForDeploymentPostprocessing = 0;
		};
/* End PBXResourcesBuildPhase section */

/* Begin PBXSourcesBuildPhase section */
		3BA30D6E2892D131003A3526 /* Sources */ = {
			isa = PBXSourcesBuildPhase;
			buildActionMask = 2147483647;
			files = (
				3BA30DDD28931BAF003A3526 /* CoreData4.xcdatamodeld in Sources */,
				3BA30DE528932018003A3526 /* Employee.swift in Sources */,
				3BA30DE328931E5B003A3526 /* EmployeeDataRepository.swift in Sources */,
				3BA30D7A2892D131003A3526 /* ViewController.swift in Sources */,
				3BA30D762892D131003A3526 /* AppDelegate.swift in Sources */,
				3BA30DE128931C10003A3526 /* CDEmployee+CoreDataProperties.swift in Sources */,
				3BA30D782892D131003A3526 /* SceneDelegate.swift in Sources */,
				3BA30DE028931C10003A3526 /* CDEmployee+CoreDataClass.swift in Sources */,
				3BA30DD02892D409003A3526 /* PersistentStorage.swift in Sources */,
			);
			runOnlyForDeploymentPostprocessing = 0;
		};
/* End PBXSourcesBuildPhase section */

/* Begin PBXVariantGroup section */
		3BA30D7B2892D131003A3526 /* Main.storyboard */ = {
			isa = PBXVariantGroup;
			children = (
				3BA30D7C2892D131003A3526 /* Base */,
			);
			name = Main.storyboard;
			sourceTree = "<group>";
		};
		3BA30D802892D135003A3526 /* LaunchScreen.storyboard */ = {
			isa = PBXVariantGroup;
			children = (
				3BA30D812892D135003A3526 /* Base */,
			);
			name = LaunchScreen.storyboard;
			sourceTree = "<group>";
		};
/* End PBXVariantGroup section */

/* Begin XCBuildConfiguration section */
		3BA30D842892D135003A3526 /* Debug */ = {
			isa = XCBuildConfiguration;
			buildSettings = {
				ALWAYS_SEARCH_USER_PATHS = NO;
				CLANG_ANALYZER_NONNULL = YES;
				CLANG_ANALYZER_NUMBER_OBJECT_CONVERSION = YES_AGGRESSIVE;
				CLANG_CXX_LANGUAGE_STANDARD = "gnu++17";
				CLANG_ENABLE_MODULES = YES;
				CLANG_ENABLE_OBJC_ARC = YES;
				CLANG_ENABLE_OBJC_WEAK = YES;
				CLANG_WARN_BLOCK_CAPTURE_AUTORELEASING = YES;
				CLANG_WARN_BOOL_CONVERSION = YES;
				CLANG_WARN_COMMA = YES;
				CLANG_WARN_CONSTANT_CONVERSION = YES;
				CLANG_WARN_DEPRECATED_OBJC_IMPLEMENTATIONS = YES;
				CLANG_WARN_DIRECT_OBJC_ISA_USAGE = YES_ERROR;
				CLANG_WARN_DOCUMENTATION_COMMENTS = YES;
				CLANG_WARN_EMPTY_BODY = YES;
				CLANG_WARN_ENUM_CONVERSION = YES;
				CLANG_WARN_INFINITE_RECURSION = YES;
				CLANG_WARN_INT_CONVERSION = YES;
				CLANG_WARN_NON_LITERAL_NULL_CONVERSION = YES;
				CLANG_WARN_OBJC_IMPLICIT_RETAIN_SELF = YES;
				CLANG_WARN_OBJC_LITERAL_CONVERSION = YES;
				CLANG_WARN_OBJC_ROOT_CLASS = YES_ERROR;
				CLANG_WARN_QUOTED_INCLUDE_IN_FRAMEWORK_HEADER = YES;
				CLANG_WARN_RANGE_LOOP_ANALYSIS = YES;
				CLANG_WARN_STRICT_PROTOTYPES = YES;
				CLANG_WARN_SUSPICIOUS_MOVE = YES;
				CLANG_WARN_UNGUARDED_AVAILABILITY = YES_AGGRESSIVE;
				CLANG_WARN_UNREACHABLE_CODE = YES;
				CLANG_WARN__DUPLICATE_METHOD_MATCH = YES;
				COPY_PHASE_STRIP = NO;
				DEBUG_INFORMATION_FORMAT = dwarf;
				ENABLE_STRICT_OBJC_MSGSEND = YES;
				ENABLE_TESTABILITY = YES;
				GCC_C_LANGUAGE_STANDARD = gnu11;
				GCC_DYNAMIC_NO_PIC = NO;
				GCC_NO_COMMON_BLOCKS = YES;
				GCC_OPTIMIZATION_LEVEL = 0;
				GCC_PREPROCESSOR_DEFINITIONS = (
					"DEBUG=1",
					"$(inherited)",
				);
				GCC_WARN_64_TO_32_BIT_CONVERSION = YES;
				GCC_WARN_ABOUT_RETURN_TYPE = YES_ERROR;
				GCC_WARN_UNDECLARED_SELECTOR = YES;
				GCC_WARN_UNINITIALIZED_AUTOS = YES_AGGRESSIVE;
				GCC_WARN_UNUSED_FUNCTION = YES;
				GCC_WARN_UNUSED_VARIABLE = YES;
				IPHONEOS_DEPLOYMENT_TARGET = 15.5;
				MTL_ENABLE_DEBUG_INFO = INCLUDE_SOURCE;
				MTL_FAST_MATH = YES;
				ONLY_ACTIVE_ARCH = YES;
				SDKROOT = iphoneos;
				SWIFT_ACTIVE_COMPILATION_CONDITIONS = DEBUG;
				SWIFT_OPTIMIZATION_LEVEL = "-Onone";
			};
			name = Debug;
		};
		3BA30D852892D135003A3526 /* Release */ = {
			isa = XCBuildConfiguration;
			buildSettings = {
				ALWAYS_SEARCH_USER_PATHS = NO;
				CLANG_ANALYZER_NONNULL = YES;
				CLANG_ANALYZER_NUMBER_OBJECT_CONVERSION = YES_AGGRESSIVE;
				CLANG_CXX_LANGUAGE_STANDARD = "gnu++17";
				CLANG_ENABLE_MODULES = YES;
				CLANG_ENABLE_OBJC_ARC = YES;
				CLANG_ENABLE_OBJC_WEAK = YES;
				CLANG_WARN_BLOCK_CAPTURE_AUTORELEASING = YES;
				CLANG_WARN_BOOL_CONVERSION = YES;
				CLANG_WARN_COMMA = YES;
				CLANG_WARN_CONSTANT_CONVERSION = YES;
				CLANG_WARN_DEPRECATED_OBJC_IMPLEMENTATIONS = YES;
				CLANG_WARN_DIRECT_OBJC_ISA_USAGE = YES_ERROR;
				CLANG_WARN_DOCUMENTATION_COMMENTS = YES;
				CLANG_WARN_EMPTY_BODY = YES;
				CLANG_WARN_ENUM_CONVERSION = YES;
				CLANG_WARN_INFINITE_RECURSION = YES;
				CLANG_WARN_INT_CONVERSION = YES;
				CLANG_WARN_NON_LITERAL_NULL_CONVERSION = YES;
				CLANG_WARN_OBJC_IMPLICIT_RETAIN_SELF = YES;
				CLANG_WARN_OBJC_LITERAL_CONVERSION = YES;
				CLANG_WARN_OBJC_ROOT_CLASS = YES_ERROR;
				CLANG_WARN_QUOTED_INCLUDE_IN_FRAMEWORK_HEADER = YES;
				CLANG_WARN_RANGE_LOOP_ANALYSIS = YES;
				CLANG_WARN_STRICT_PROTOTYPES = YES;
				CLANG_WARN_SUSPICIOUS_MOVE = YES;
				CLANG_WARN_UNGUARDED_AVAILABILITY = YES_AGGRESSIVE;
				CLANG_WARN_UNREACHABLE_CODE = YES;
				CLANG_WARN__DUPLICATE_METHOD_MATCH = YES;
				COPY_PHASE_STRIP = NO;
				DEBUG_INFORMATION_FORMAT = "dwarf-with-dsym";
				ENABLE_NS_ASSERTIONS = NO;
				ENABLE_STRICT_OBJC_MSGSEND = YES;
				GCC_C_LANGUAGE_STANDARD = gnu11;
				GCC_NO_COMMON_BLOCKS = YES;
				GCC_WARN_64_TO_32_BIT_CONVERSION = YES;
				GCC_WARN_ABOUT_RETURN_TYPE = YES_ERROR;
				GCC_WARN_UNDECLARED_SELECTOR = YES;
				GCC_WARN_UNINITIALIZED_AUTOS = YES_AGGRESSIVE;
				GCC_WARN_UNUSED_FUNCTION = YES;
				GCC_WARN_UNUSED_VARIABLE = YES;
				IPHONEOS_DEPLOYMENT_TARGET = 15.5;
				MTL_ENABLE_DEBUG_INFO = NO;
				MTL_FAST_MATH = YES;
				SDKROOT = iphoneos;
				SWIFT_COMPILATION_MODE = wholemodule;
				SWIFT_OPTIMIZATION_LEVEL = "-O";
				VALIDATE_PRODUCT = YES;
			};
			name = Release;
		};
		3BA30D872892D135003A3526 /* Debug */ = {
			isa = XCBuildConfiguration;
			buildSettings = {
				ASSETCATALOG_COMPILER_APPICON_NAME = AppIcon;
				ASSETCATALOG_COMPILER_GLOBAL_ACCENT_COLOR_NAME = AccentColor;
				CODE_SIGN_STYLE = Automatic;
				CURRENT_PROJECT_VERSION = 1;
				DEVELOPMENT_TEAM = 372C6ZRL6X;
				GENERATE_INFOPLIST_FILE = YES;
				INFOPLIST_FILE = CoreData4/Info.plist;
				INFOPLIST_KEY_UIApplicationSupportsIndirectInputEvents = YES;
				INFOPLIST_KEY_UILaunchStoryboardName = LaunchScreen;
				INFOPLIST_KEY_UIMainStoryboardFile = Main;
				INFOPLIST_KEY_UISupportedInterfaceOrientations_iPad = "UIInterfaceOrientationPortrait UIInterfaceOrientationPortraitUpsideDown UIInterfaceOrientationLandscapeLeft UIInterfaceOrientationLandscapeRight";
				INFOPLIST_KEY_UISupportedInterfaceOrientations_iPhone = "UIInterfaceOrientationPortrait UIInterfaceOrientationLandscapeLeft UIInterfaceOrientationLandscapeRight";
				LD_RUNPATH_SEARCH_PATHS = (
					"$(inherited)",
					"@executable_path/Frameworks",
				);
				MARKETING_VERSION = 1.0;
				PRODUCT_BUNDLE_IDENTIFIER = com.abhinaypratap.CoreData4;
				PRODUCT_NAME = "$(TARGET_NAME)";
				SWIFT_EMIT_LOC_STRINGS = YES;
				SWIFT_VERSION = 5.0;
				TARGETED_DEVICE_FAMILY = 1;
			};
			name = Debug;
		};
		3BA30D882892D135003A3526 /* Release */ = {
			isa = XCBuildConfiguration;
			buildSettings = {
				ASSETCATALOG_COMPILER_APPICON_NAME = AppIcon;
				ASSETCATALOG_COMPILER_GLOBAL_ACCENT_COLOR_NAME = AccentColor;
				CODE_SIGN_STYLE = Automatic;
				CURRENT_PROJECT_VERSION = 1;
				DEVELOPMENT_TEAM = 372C6ZRL6X;
				GENERATE_INFOPLIST_FILE = YES;
				INFOPLIST_FILE = CoreData4/Info.plist;
				INFOPLIST_KEY_UIApplicationSupportsIndirectInputEvents = YES;
				INFOPLIST_KEY_UILaunchStoryboardName = LaunchScreen;
				INFOPLIST_KEY_UIMainStoryboardFile = Main;
				INFOPLIST_KEY_UISupportedInterfaceOrientations_iPad = "UIInterfaceOrientationPortrait UIInterfaceOrientationPortraitUpsideDown UIInterfaceOrientationLandscapeLeft UIInterfaceOrientationLandscapeRight";
				INFOPLIST_KEY_UISupportedInterfaceOrientations_iPhone = "UIInterfaceOrientationPortrait UIInterfaceOrientationLandscapeLeft UIInterfaceOrientationLandscapeRight";
				LD_RUNPATH_SEARCH_PATHS = (
					"$(inherited)",
					"@executable_path/Frameworks",
				);
				MARKETING_VERSION = 1.0;
				PRODUCT_BUNDLE_IDENTIFIER = com.abhinaypratap.CoreData4;
				PRODUCT_NAME = "$(TARGET_NAME)";
				SWIFT_EMIT_LOC_STRINGS = YES;
				SWIFT_VERSION = 5.0;
				TARGETED_DEVICE_FAMILY = 1;
			};
			name = Release;
		};
/* End XCBuildConfiguration section */

/* Begin XCConfigurationList section */
		3BA30D6D2892D131003A3526 /* Build configuration list for PBXProject "CoreData4" */ = {
			isa = XCConfigurationList;
			buildConfigurations = (
				3BA30D842892D135003A3526 /* Debug */,
				3BA30D852892D135003A3526 /* Release */,
			);
			defaultConfigurationIsVisible = 0;
			defaultConfigurationName = Release;
		};
		3BA30D862892D135003A3526 /* Build configuration list for PBXNativeTarget "CoreData4" */ = {
			isa = XCConfigurationList;
			buildConfigurations = (
				3BA30D872892D135003A3526 /* Debug */,
				3BA30D882892D135003A3526 /* Release */,
			);
			defaultConfigurationIsVisible = 0;
			defaultConfigurationName = Release;
		};
/* End XCConfigurationList section */

/* Begin XCVersionGroup section */
		3BA30DDB28931BAF003A3526 /* CoreData4.xcdatamodeld */ = {
			isa = XCVersionGroup;
			children = (
				3BA30DDC28931BAF003A3526 /* CoreData4.xcdatamodel */,
			);
			currentVersion = 3BA30DDC28931BAF003A3526 /* CoreData4.xcdatamodel */;
			path = CoreData4.xcdatamodeld;
			sourceTree = "<group>";
			versionGroupType = wrapper.xcdatamodel;
		};
/* End XCVersionGroup section */
	};
	rootObject = 3BA30D6A2892D131003A3526 /* Project object */;
}
